
Microsoft Visual Studio Solution File, Format Version 12.00
# Visual Studio 15
VisualStudioVersion = 15.0.26124.0
MinimumVisualStudioVersion = 15.0.26124.0
Project("{FAE04EC0-301F-11D3-BF4B-00C04F79EFBC}") = "GingerNote", "GingerNote\GingerNote.csproj", "{E1CBE382-80AA-4045-ADC5-0FBFA7B13AC5}"
EndProject
Project("{FAE04EC0-301F-11D3-BF4B-00C04F79EFBC}") = "GingerNote.Tests", "GingerNote.Tests\GingerNote.Tests.csproj", "{0126569F-8A62-4A07-BE91-AC68DB54C32D}"
EndProject
Global
	GlobalSection(SolutionConfigurationPlatforms) = preSolution
		Debug|Any CPU = Debug|Any CPU
		Debug|x64 = Debug|x64
		Debug|x86 = Debug|x86
		Release|Any CPU = Release|Any CPU
		Release|x64 = Release|x64
		Release|x86 = Release|x86
	EndGlobalSection
	GlobalSection(SolutionProperties) = preSolution
		HideSolutionNode = FALSE
	EndGlobalSection
	GlobalSection(ProjectConfigurationPlatforms) = postSolution
		{E1CBE382-80AA-4045-ADC5-0FBFA7B13AC5}.Debug|Any CPU.ActiveCfg = Debug|Any CPU
		{E1CBE382-80AA-4045-ADC5-0FBFA7B13AC5}.Debug|Any CPU.Build.0 = Debug|Any CPU
		{E1CBE382-80AA-4045-ADC5-0FBFA7B13AC5}.Debug|x64.ActiveCfg = Debug|Any CPU
		{E1CBE382-80AA-4045-ADC5-0FBFA7B13AC5}.Debug|x64.Build.0 = Debug|Any CPU
		{E1CBE382-80AA-4045-ADC5-0FBFA7B13AC5}.Debug|x86.ActiveCfg = Debug|Any CPU
		{E1CBE382-80AA-4045-ADC5-0FBFA7B13AC5}.Debug|x86.Build.0 = Debug|Any CPU
		{E1CBE382-80AA-4045-ADC5-0FBFA7B13AC5}.Release|Any CPU.ActiveCfg = Release|Any CPU
		{E1CBE382-80AA-4045-ADC5-0FBFA7B13AC5}.Release|Any CPU.Build.0 = Release|Any CPU
		{E1CBE382-80AA-4045-ADC5-0FBFA7B13AC5}.Release|x64.ActiveCfg = Release|Any CPU
		{E1CBE382-80AA-4045-ADC5-0FBFA7B13AC5}.Release|x64.Build.0 = Release|Any CPU
		{E1CBE382-80AA-4045-ADC5-0FBFA7B13AC5}.Release|x86.ActiveCfg = Release|Any CPU
		{E1CBE382-80AA-4045-ADC5-0FBFA7B13AC5}.Release|x86.Build.0 = Release|Any CPU
		{0126569F-8A62-4A07-BE91-AC68DB54C32D}.Debug|Any CPU.ActiveCfg = Debug|Any CPU
		{0126569F-8A62-4A07-BE91-AC68DB54C32D}.Debug|Any CPU.Build.0 = Debug|Any CPU
		{0126569F-8A62-4A07-BE91-AC68DB54C32D}.Debug|x64.ActiveCfg = Debug|Any CPU
		{0126569F-8A62-4A07-BE91-AC68DB54C32D}.Debug|x64.Build.0 = Debug|Any CPU
		{0126569F-8A62-4A07-BE91-AC68DB54C32D}.Debug|x86.ActiveCfg = Debug|Any CPU
		{0126569F-8A62-4A07-BE91-AC68DB54C32D}.Debug|x86.Build.0 = Debug|Any CPU
		{0126569F-8A62-4A07-BE91-AC68DB54C32D}.Release|Any CPU.ActiveCfg = Release|Any CPU
		{0126569F-8A62-4A07-BE91-AC68DB54C32D}.Release|Any CPU.Build.0 = Release|Any CPU
		{0126569F-8A62-4A07-BE91-AC68DB54C32D}.Release|x64.ActiveCfg = Release|Any CPU
		{0126569F-8A62-4A07-BE91-AC68DB54C32D}.Release|x64.Build.0 = Release|Any CPU
		{0126569F-8A62-4A07-BE91-AC68DB54C32D}.Release|x86.ActiveCfg = Release|Any CPU
		{0126569F-8A62-4A07-BE91-AC68DB54C32D}.Release|x86.Build.0 = Release|Any CPU
	EndGlobalSection
EndGlobal
